
Microsoft Visual Studio Solution File, Format Version 12.00
# Visual Studio 2013
VisualStudioVersion = 12.0.30723.0
MinimumVisualStudioVersion = 10.0.40219.1
Project("{FAE04EC0-301F-11D3-BF4B-00C04F79EFBC}") = "Chupachupa-WebApp", "Chupachupa-WebApp\Chupachupa-WebApp.csproj", "{1F4FE27F-7D8B-46CC-AAF3-8B7C2D24A05E}"
EndProject
Project("{FAE04EC0-301F-11D3-BF4B-00C04F79EFBC}") = "Chupachupa-WebApp.Tests", "Chupachupa-WebApp.Tests\Chupachupa-WebApp.Tests.csproj", "{A8D16D18-612E-43B4-9666-587131490D80}"
EndProject
Project("{2150E333-8FDC-42A3-9474-1A3956D46DE8}") = "PublishScripts", "PublishScripts", "{9423A960-9883-426F-B898-E52AF4FE3CC4}"
	ProjectSection(SolutionItems) = preProject
		PublishScripts\AzureWebsitePublishModule.psm1 = PublishScripts\AzureWebsitePublishModule.psm1
		PublishScripts\Publish-WebApplicationWebsite.ps1 = PublishScripts\Publish-WebApplicationWebsite.ps1
	EndProjectSection
EndProject
Project("{2150E333-8FDC-42A3-9474-1A3956D46DE8}") = "Configurations", "Configurations", "{840FA856-5EAD-4C77-8C18-64080816C06A}"
	ProjectSection(SolutionItems) = preProject
		PublishScripts\Configurations\Chupachupa-WebApp-WAWS-dev.json = PublishScripts\Configurations\Chupachupa-WebApp-WAWS-dev.json
	EndProjectSection
EndProject
Global
	GlobalSection(SolutionConfigurationPlatforms) = preSolution
		Debug|Any CPU = Debug|Any CPU
		Release|Any CPU = Release|Any CPU
	EndGlobalSection
	GlobalSection(ProjectConfigurationPlatforms) = postSolution
		{1F4FE27F-7D8B-46CC-AAF3-8B7C2D24A05E}.Debug|Any CPU.ActiveCfg = Debug|Any CPU
		{1F4FE27F-7D8B-46CC-AAF3-8B7C2D24A05E}.Debug|Any CPU.Build.0 = Debug|Any CPU
		{1F4FE27F-7D8B-46CC-AAF3-8B7C2D24A05E}.Release|Any CPU.ActiveCfg = Release|Any CPU
		{1F4FE27F-7D8B-46CC-AAF3-8B7C2D24A05E}.Release|Any CPU.Build.0 = Release|Any CPU
		{A8D16D18-612E-43B4-9666-587131490D80}.Debug|Any CPU.ActiveCfg = Debug|Any CPU
		{A8D16D18-612E-43B4-9666-587131490D80}.Debug|Any CPU.Build.0 = Debug|Any CPU
		{A8D16D18-612E-43B4-9666-587131490D80}.Release|Any CPU.ActiveCfg = Release|Any CPU
		{A8D16D18-612E-43B4-9666-587131490D80}.Release|Any CPU.Build.0 = Release|Any CPU
	EndGlobalSection
	GlobalSection(SolutionProperties) = preSolution
		HideSolutionNode = FALSE
	EndGlobalSection
	GlobalSection(NestedProjects) = preSolution
		{840FA856-5EAD-4C77-8C18-64080816C06A} = {9423A960-9883-426F-B898-E52AF4FE3CC4}
	EndGlobalSection
EndGlobal
